{
  "name": "@taskmgr/data",
  "version": "0.1.0",
  "lockfileVersion": 1,
  "requires": true,
  "dependencies": {
    "prisma": {
      "version": "1.34.12",
      "resolved": "https://registry.npmjs.org/prisma/-/prisma-1.34.12.tgz",
      "integrity": "sha512-Es1cBDqP97eBkbt6yGLg9AInXHIlo2IR7bPYSNQxp9joFBHG6Wuzc0nt6Snb73gcO0bTG5PHJaSijDaZv7/Jpw=="
    }
  }
}
